
Microsoft Visual Studio Solution File, Format Version 12.00
# Visual Studio Version 17
VisualStudioVersion = 17.13.35825.156
MinimumVisualStudioVersion = 10.0.40219.1
Project("{FAE04EC0-301F-11D3-BF4B-00C04F79EFBC}") = "gui-tesing-library", "gui-tesing-library.csproj", "{0C3EE646-C4CE-40C0-AF2D-686653D69EF6}"
EndProject
Project("{FAE04EC0-301F-11D3-BF4B-00C04F79EFBC}") = "GuiTestingLibrary_Tets", "..\GuiTestingLibrary_Tests\GuiTestingLibrary_Tets.csproj", "{A634DAF2-25E0-7020-985E-821DEA113D05}"
EndProject
Global
	GlobalSection(SolutionConfigurationPlatforms) = preSolution
		Debug|Any CPU = Debug|Any CPU
		Release|Any CPU = Release|Any CPU
	EndGlobalSection
	GlobalSection(ProjectConfigurationPlatforms) = postSolution
		{0C3EE646-C4CE-40C0-AF2D-686653D69EF6}.Debug|Any CPU.ActiveCfg = Debug|Any CPU
		{0C3EE646-C4CE-40C0-AF2D-686653D69EF6}.Debug|Any CPU.Build.0 = Debug|Any CPU
		{0C3EE646-C4CE-40C0-AF2D-686653D69EF6}.Release|Any CPU.ActiveCfg = Release|Any CPU
		{0C3EE646-C4CE-40C0-AF2D-686653D69EF6}.Release|Any CPU.Build.0 = Release|Any CPU
		{A634DAF2-25E0-7020-985E-821DEA113D05}.Debug|Any CPU.ActiveCfg = Debug|Any CPU
		{A634DAF2-25E0-7020-985E-821DEA113D05}.Debug|Any CPU.Build.0 = Debug|Any CPU
		{A634DAF2-25E0-7020-985E-821DEA113D05}.Release|Any CPU.ActiveCfg = Release|Any CPU
		{A634DAF2-25E0-7020-985E-821DEA113D05}.Release|Any CPU.Build.0 = Release|Any CPU
	EndGlobalSection
	GlobalSection(SolutionProperties) = preSolution
		HideSolutionNode = FALSE
	EndGlobalSection
	GlobalSection(ExtensibilityGlobals) = postSolution
		SolutionGuid = {3D74C3CC-637D-4A46-9590-AE5655F901C0}
	EndGlobalSection
EndGlobal
