<?xml version="1.0" encoding="utf-8"?>
<Project ToolsVersion="4.0" xmlns="http://schemas.microsoft.com/developer/msbuild/2003">
  <ItemGroup>
    <Filter Include="Source Files">
      <UniqueIdentifier>{4FC737F1-C7A5-4376-A066-2A32D752A2FF}</UniqueIdentifier>
      <Extensions>cpp;c;cc;cxx;c++;cppm;ixx;def;odl;idl;hpj;bat;asm;asmx</Extensions>
    </Filter>
    <Filter Include="Header Files">
      <UniqueIdentifier>{93995380-89BD-4b04-88EB-625FBE52EBFB}</UniqueIdentifier>
      <Extensions>h;hh;hpp;hxx;h++;hm;inl;inc;ipp;xsd</Extensions>
    </Filter>
    <Filter Include="Resource Files">
      <UniqueIdentifier>{67DA6AB6-F800-4c08-8B7A-83BB121AAD01}</UniqueIdentifier>
      <Extensions>rc;ico;cur;bmp;dlg;rc2;rct;bin;rgs;gif;jpg;jpeg;jpe;resx;tiff;tif;png;wav;mfcribbon-ms</Extensions>
    </Filter>
  </ItemGroup>
  <ItemGroup>
    <ClInclude Include="framework.h">
      <Filter>Header Files</Filter>
    </ClInclude>
    <ClInclude Include="pch.h">
      <Filter>Header Files</Filter>
    </ClInclude>
    <ClInclude Include="GtSystemController.h">
      <Filter>Header Files</Filter>
    </ClInclude>
    <ClInclude Include="SystemCalls.h">
      <Filter>Header Files</Filter>
    </ClInclude>
    <ClInclude Include="GTWindow.h">
      <Filter>Header Files</Filter>
    </ClInclude>
    <ClInclude Include="resource.h">
      <Filter>Header Files</Filter>
    </ClInclude>
    <ClInclude Include="GTProcess.h">
      <Filter>Header Files</Filter>
    </ClInclude>
    <ClInclude Include="GTSystem.h">
      <Filter>Header Files</Filter>
    </ClInclude>
    <ClInclude Include="GTSystemVersion.h">
      <Filter>Header Files</Filter>
    </ClInclude>
    <ClInclude Include="Vector2i.h">
      <Filter>Header Files</Filter>
    </ClInclude>
    <ClInclude Include="Vector2f.h">
      <Filter>Header Files</Filter>
    </ClInclude>
    <ClInclude Include="Color.h">
      <Filter>Header Files</Filter>
    </ClInclude>
    <ClInclude Include="GTKeyboad.h">
      <Filter>Header Files</Filter>
    </ClInclude>
    <ClInclude Include="Key.h">
      <Filter>Header Files</Filter>
    </ClInclude>
    <ClInclude Include="GTMouse.h">
      <Filter>Header Files</Filter>
    </ClInclude>
    <ClInclude Include="GTScreen.h">
      <Filter>Header Files</Filter>
    </ClInclude>
    <ClInclude Include="GTScreenshot.h">
      <Filter>Header Files</Filter>
    </ClInclude>
  </ItemGroup>
  <ItemGroup>
    <ClCompile Include="GtLibrary.cpp">
      <Filter>Source Files</Filter>
    </ClCompile>
    <ClCompile Include="pch.cpp">
      <Filter>Source Files</Filter>
    </ClCompile>
    <ClCompile Include="GtSystemController.cpp">
      <Filter>Source Files</Filter>
    </ClCompile>
    <ClCompile Include="SystemCalls.cpp">
      <Filter>Source Files</Filter>
    </ClCompile>
    <ClCompile Include="GTWindow.cpp">
      <Filter>Source Files</Filter>
    </ClCompile>
    <ClCompile Include="GTProcess.cpp">
      <Filter>Source Files</Filter>
    </ClCompile>
    <ClCompile Include="GTSystem.cpp">
      <Filter>Source Files</Filter>
    </ClCompile>
    <ClCompile Include="GTSystemVersion.cpp">
      <Filter>Source Files</Filter>
    </ClCompile>
    <ClCompile Include="Vector2i.cpp">
      <Filter>Source Files</Filter>
    </ClCompile>
    <ClCompile Include="Vector2f.cpp">
      <Filter>Source Files</Filter>
    </ClCompile>
    <ClCompile Include="Color.cpp">
      <Filter>Source Files</Filter>
    </ClCompile>
    <ClCompile Include="GTKeyboad.cpp">
      <Filter>Source Files</Filter>
    </ClCompile>
    <ClCompile Include="Key.cpp">
      <Filter>Source Files</Filter>
    </ClCompile>
    <ClCompile Include="GTMouse.cpp">
      <Filter>Source Files</Filter>
    </ClCompile>
    <ClCompile Include="GTScreen.cpp">
      <Filter>Source Files</Filter>
    </ClCompile>
    <ClCompile Include="GTScreenshot.cpp">
      <Filter>Source Files</Filter>
    </ClCompile>
  </ItemGroup>
  <ItemGroup>
    <ResourceCompile Include="GtLibrary.rc">
      <Filter>Resource Files</Filter>
    </ResourceCompile>
  </ItemGroup>
</Project>